// !$*UTF8*$!
{
	archiveVersion = 1;
	classes = {
	};
	objectVersion = 46;
	objects = {

/* Begin PBXBuildFile section */
		D38966F01A8417BE00910602 /* a1_main.cpp in Sources */ = {isa = PBXBuildFile; fileRef = D38966EC1A8417BE00910602 /* a1_main.cpp */; };
		D38966F11A8417BE00910602 /* a1_sequential_list.cpp in Sources */ = {isa = PBXBuildFile; fileRef = D38966ED1A8417BE00910602 /* a1_sequential_list.cpp */; };
/* End PBXBuildFile section */

/* Begin PBXCopyFilesBuildPhase section */
		D38966E01A8417A500910602 /* CopyFiles */ = {
			isa = PBXCopyFilesBuildPhase;
			buildActionMask = 2147483647;
			dstPath = /usr/share/man/man1/;
			dstSubfolderSpec = 0;
			files = (
			);
			runOnlyForDeploymentPostprocessing = 1;
		};
/* End PBXCopyFilesBuildPhase section */

/* Begin PBXFileReference section */
		D38966E21A8417A500910602 /* SeqList */ = {isa = PBXFileReference; explicitFileType = "compiled.mach-o.executable"; includeInIndex = 0; path = SeqList; sourceTree = BUILT_PRODUCTS_DIR; };
		D38966EC1A8417BE00910602 /* a1_main.cpp */ = {isa = PBXFileReference; fileEncoding = 4; lastKnownFileType = sourcecode.cpp.cpp; name = a1_main.cpp; path = ../../a1_main.cpp; sourceTree = "<group>"; };
		D38966ED1A8417BE00910602 /* a1_sequential_list.cpp */ = {isa = PBXFileReference; fileEncoding = 4; lastKnownFileType = sourcecode.cpp.cpp; name = a1_sequential_list.cpp; path = ../../a1_sequential_list.cpp; sourceTree = "<group>"; };
		D38966EE1A8417BE00910602 /* a1_sequential_list.hpp */ = {isa = PBXFileReference; fileEncoding = 4; lastKnownFileType = sourcecode.cpp.h; name = a1_sequential_list.hpp; path = ../../a1_sequential_list.hpp; sourceTree = "<group>"; };
		D38966EF1A8417BE00910602 /* a1_tests.hpp */ = {isa = PBXFileReference; fileEncoding = 4; lastKnownFileType = sourcecode.cpp.h; name = a1_tests.hpp; path = ../../a1_tests.hpp; sourceTree = "<group>"; };
/* End PBXFileReference section */

/* Begin PBXFrameworksBuildPhase section */
		D38966DF1A8417A500910602 /* Frameworks */ = {
			isa = PBXFrameworksBuildPhase;
			buildActionMask = 2147483647;
			files = (
			);
			runOnlyForDeploymentPostprocessing = 0;
		};
/* End PBXFrameworksBuildPhase section */

/* Begin PBXGroup section */
		D38966D91A8417A500910602 = {
			isa = PBXGroup;
			children = (
				D38966E41A8417A500910602 /* SeqList */,
				D38966E31A8417A500910602 /* Products */,
			);
			sourceTree = "<group>";
		};
		D38966E31A8417A500910602 /* Products */ = {
			isa = PBXGroup;
			children = (
				D38966E21A8417A500910602 /* SeqList */,
			);
			name = Products;
			sourceTree = "<group>";
		};
		D38966E41A8417A500910602 /* SeqList */ = {
			isa = PBXGroup;
			children = (
				D38966EC1A8417BE00910602 /* a1_main.cpp */,
				D38966ED1A8417BE00910602 /* a1_sequential_list.cpp */,
				D38966EE1A8417BE00910602 /* a1_sequential_list.hpp */,
				D38966EF1A8417BE00910602 /* a1_tests.hpp */,
			);
			path = SeqList;
			sourceTree = "<group>";
		};
/* End PBXGroup section */

/* Begin PBXNativeTarget section */
		D38966E11A8417A500910602 /* SeqList */ = {
			isa = PBXNativeTarget;
			buildConfigurationList = D38966E91A8417A500910602 /* Build configuration list for PBXNativeTarget "SeqList" */;
			buildPhases = (
				D38966DE1A8417A500910602 /* Sources */,
				D38966DF1A8417A500910602 /* Frameworks */,
				D38966E01A8417A500910602 /* CopyFiles */,
			);
			buildRules = (
			);
			dependencies = (
			);
			name = SeqList;
			productName = SeqList;
			productReference = D38966E21A8417A500910602 /* SeqList */;
			productType = "com.apple.product-type.tool";
		};
/* End PBXNativeTarget section */

/* Begin PBXProject section */
		D38966DA1A8417A500910602 /* Project object */ = {
			isa = PBXProject;
			attributes = {
				LastUpgradeCheck = 0610;
				ORGANIZATIONNAME = "Brian So";
				TargetAttributes = {
					D38966E11A8417A500910602 = {
						CreatedOnToolsVersion = 6.1.1;
					};
				};
			};
			buildConfigurationList = D38966DD1A8417A500910602 /* Build configuration list for PBXProject "SeqList" */;
			compatibilityVersion = "Xcode 3.2";
			developmentRegion = English;
			hasScannedForEncodings = 0;
			knownRegions = (
				en,
			);
			mainGroup = D38966D91A8417A500910602;
			productRefGroup = D38966E31A8417A500910602 /* Products */;
			projectDirPath = "";
			projectRoot = "";
			targets = (
				D38966E11A8417A500910602 /* SeqList */,
			);
		};
/* End PBXProject section */

/* Begin PBXSourcesBuildPhase section */
		D38966DE1A8417A500910602 /* Sources */ = {
			isa = PBXSourcesBuildPhase;
			buildActionMask = 2147483647;
			files = (
				D38966F11A8417BE00910602 /* a1_sequential_list.cpp in Sources */,
				D38966F01A8417BE00910602 /* a1_main.cpp in Sources */,
			);
			runOnlyForDeploymentPostprocessing = 0;
		};
/* End PBXSourcesBuildPhase section */

/* Begin XCBuildConfiguration section */
		D38966E71A8417A500910602 /* Debug */ = {
			isa = XCBuildConfiguration;
			buildSettings = {
				ALWAYS_SEARCH_USER_PATHS = NO;
				CLANG_CXX_LANGUAGE_STANDARD = "gnu++0x";
				CLANG_CXX_LIBRARY = "libc++";
				CLANG_ENABLE_MODULES = YES;
				CLANG_ENABLE_OBJC_ARC = YES;
				CLANG_WARN_BOOL_CONVERSION = YES;
				CLANG_WARN_CONSTANT_CONVERSION = YES;
				CLANG_WARN_DIRECT_OBJC_ISA_USAGE = YES_ERROR;
				CLANG_WARN_EMPTY_BODY = YES;
				CLANG_WARN_ENUM_CONVERSION = YES;
				CLANG_WARN_INT_CONVERSION = YES;
				CLANG_WARN_OBJC_ROOT_CLASS = YES_ERROR;
				CLANG_WARN_UNREACHABLE_CODE = YES;
				CLANG_WARN__DUPLICATE_METHOD_MATCH = YES;
				COPY_PHASE_STRIP = NO;
				ENABLE_STRICT_OBJC_MSGSEND = YES;
				GCC_C_LANGUAGE_STANDARD = gnu99;
				GCC_DYNAMIC_NO_PIC = NO;
				GCC_OPTIMIZATION_LEVEL = 0;
				GCC_PREPROCESSOR_DEFINITIONS = (
					"DEBUG=1",
					"$(inherited)",
				);
				GCC_SYMBOLS_PRIVATE_EXTERN = NO;
				GCC_WARN_64_TO_32_BIT_CONVERSION = YES;
				GCC_WARN_ABOUT_RETURN_TYPE = YES_ERROR;
				GCC_WARN_UNDECLARED_SELECTOR = YES;
				GCC_WARN_UNINITIALIZED_AUTOS = YES_AGGRESSIVE;
				GCC_WARN_UNUSED_FUNCTION = YES;
				GCC_WARN_UNUSED_VARIABLE = YES;
				MACOSX_DEPLOYMENT_TARGET = 10.10;
				MTL_ENABLE_DEBUG_INFO = YES;
				ONLY_ACTIVE_ARCH = YES;
				SDKROOT = macosx;
			};
			name = Debug;
		};
		D38966E81A8417A500910602 /* Release */ = {
			isa = XCBuildConfiguration;
			buildSettings = {
				ALWAYS_SEARCH_USER_PATHS = NO;
				CLANG_CXX_LANGUAGE_STANDARD = "gnu++0x";
				CLANG_CXX_LIBRARY = "libc++";
				CLANG_ENABLE_MODULES = YES;
				CLANG_ENABLE_OBJC_ARC = YES;
				CLANG_WARN_BOOL_CONVERSION = YES;
				CLANG_WARN_CONSTANT_CONVERSION = YES;
				CLANG_WARN_DIRECT_OBJC_ISA_USAGE = YES_ERROR;
				CLANG_WARN_EMPTY_BODY = YES;
				CLANG_WARN_ENUM_CONVERSION = YES;
				CLANG_WARN_INT_CONVERSION = YES;
				CLANG_WARN_OBJC_ROOT_CLASS = YES_ERROR;
				CLANG_WARN_UNREACHABLE_CODE = YES;
				CLANG_WARN__DUPLICATE_METHOD_MATCH = YES;
				COPY_PHASE_STRIP = YES;
				DEBUG_INFORMATION_FORMAT = "dwarf-with-dsym";
				ENABLE_NS_ASSERTIONS = NO;
				ENABLE_STRICT_OBJC_MSGSEND = YES;
				GCC_C_LANGUAGE_STANDARD = gnu99;
				GCC_WARN_64_TO_32_BIT_CONVERSION = YES;
				GCC_WARN_ABOUT_RETURN_TYPE = YES_ERROR;
				GCC_WARN_UNDECLARED_SELECTOR = YES;
				GCC_WARN_UNINITIALIZED_AUTOS = YES_AGGRESSIVE;
				GCC_WARN_UNUSED_FUNCTION = YES;
				GCC_WARN_UNUSED_VARIABLE = YES;
				MACOSX_DEPLOYMENT_TARGET = 10.10;
				MTL_ENABLE_DEBUG_INFO = NO;
				SDKROOT = macosx;
			};
			name = Release;
		};
		D38966EA1A8417A500910602 /* Debug */ = {
			isa = XCBuildConfiguration;
			buildSettings = {
				PRODUCT_NAME = "$(TARGET_NAME)";
			};
			name = Debug;
		};
		D38966EB1A8417A500910602 /* Release */ = {
			isa = XCBuildConfiguration;
			buildSettings = {
				PRODUCT_NAME = "$(TARGET_NAME)";
			};
			name = Release;
		};
/* End XCBuildConfiguration section */

/* Begin XCConfigurationList section */
		D38966DD1A8417A500910602 /* Build configuration list for PBXProject "SeqList" */ = {
			isa = XCConfigurationList;
			buildConfigurations = (
				D38966E71A8417A500910602 /* Debug */,
				D38966E81A8417A500910602 /* Release */,
			);
			defaultConfigurationIsVisible = 0;
			defaultConfigurationName = Release;
		};
		D38966E91A8417A500910602 /* Build configuration list for PBXNativeTarget "SeqList" */ = {
			isa = XCConfigurationList;
			buildConfigurations = (
				D38966EA1A8417A500910602 /* Debug */,
				D38966EB1A8417A500910602 /* Release */,
			);
			defaultConfigurationIsVisible = 0;
		};
/* End XCConfigurationList section */
	};
	rootObject = D38966DA1A8417A500910602 /* Project object */;
}
